
Microsoft Visual Studio Solution File, Format Version 12.00
Project("{2150E333-8FDC-42A3-9474-1A3956D46DE8}") = "src", "src", "{40F84448-0F3B-49FA-89F4-4FF445121ADE}"
EndProject
Project("{2150E333-8FDC-42A3-9474-1A3956D46DE8}") = "tests", "tests", "{A7895D93-77C2-41B9-A96E-568F3264FD90}"
EndProject
Project("{FAE04EC0-301F-11D3-BF4B-00C04F79EFBC}") = "BankingApp.WebApi", "src\BankingApp.WebApi\BankingApp.WebApi.csproj", "{D031770A-0687-4722-B43B-B68259613387}"
EndProject
Global
	GlobalSection(SolutionConfigurationPlatforms) = preSolution
		Debug|Any CPU = Debug|Any CPU
		Release|Any CPU = Release|Any CPU
	EndGlobalSection
	GlobalSection(NestedProjects) = preSolution
		{D031770A-0687-4722-B43B-B68259613387} = {40F84448-0F3B-49FA-89F4-4FF445121ADE}
	EndGlobalSection
	GlobalSection(ProjectConfigurationPlatforms) = postSolution
		{D031770A-0687-4722-B43B-B68259613387}.Debug|Any CPU.ActiveCfg = Debug|Any CPU
		{D031770A-0687-4722-B43B-B68259613387}.Debug|Any CPU.Build.0 = Debug|Any CPU
		{D031770A-0687-4722-B43B-B68259613387}.Release|Any CPU.ActiveCfg = Release|Any CPU
		{D031770A-0687-4722-B43B-B68259613387}.Release|Any CPU.Build.0 = Release|Any CPU
	EndGlobalSection
EndGlobal
